
Microsoft Visual Studio Solution File, Format Version 12.00
# Visual Studio Version 16
VisualStudioVersion = 16.0.31613.86
MinimumVisualStudioVersion = 10.0.40219.1
Project("{2150E333-8FDC-42A3-9474-1A3956D46DE8}") = "Test", "Test", "{F8366DCD-CBE8-4057-A158-9C02B167E4EE}"
	ProjectSection(SolutionItems) = preProject
		readme.txt = readme.txt
	EndProjectSection
EndProject
Project("{9A19103F-16F7-4668-BE54-9A1E7A4F7556}") = "SO.Test", "SO.Test\SO.Test.csproj", "{95892A8D-69A3-420C-AA28-5B9971623736}"
EndProject
Project("{2150E333-8FDC-42A3-9474-1A3956D46DE8}") = "Api", "Api", "{DA7A17FC-701E-498D-9E2B-AEA09B9D6D57}"
	ProjectSection(SolutionItems) = preProject
		readme.txt = readme.txt
	EndProjectSection
EndProject
Project("{9A19103F-16F7-4668-BE54-9A1E7A4F7556}") = "SO.Domain", "SO.Domain\SO.Domain.csproj", "{59E2730B-5218-4F25-9C66-CE5BDDD89032}"
EndProject
Project("{9A19103F-16F7-4668-BE54-9A1E7A4F7556}") = "SO.Business", "SO.Business\SO.Business.csproj", "{2FC02CA1-9996-4964-935B-19526FE4DEB8}"
EndProject
Project("{9A19103F-16F7-4668-BE54-9A1E7A4F7556}") = "SO.Data", "SO.Data\SO.Data.csproj", "{6CA9C2C6-A2E0-45B9-B22E-A17E024946FA}"
EndProject
Project("{9A19103F-16F7-4668-BE54-9A1E7A4F7556}") = "SO.Api", "SO.Api\SO.Api.csproj", "{F0F579E1-89D8-4EEE-9988-9C9F60F1FE60}"
EndProject
Project("{9A19103F-16F7-4668-BE54-9A1E7A4F7556}") = "SO.IoC", "SO.IoC\SO.IoC.csproj", "{9DC68C7F-3630-459B-8908-3878FB1A09DD}"
EndProject
Project("{2150E333-8FDC-42A3-9474-1A3956D46DE8}") = "Web", "Web", "{8AD77DEC-92C2-451B-B079-E86AB5E7DAF9}"
EndProject
Project("{9A19103F-16F7-4668-BE54-9A1E7A4F7556}") = "SO.Web", "SO.Web\SO.Web.csproj", "{102621F2-E47E-469E-B6C6-B4BA70361778}"
EndProject
Project("{2150E333-8FDC-42A3-9474-1A3956D46DE8}") = "Shared", "Shared", "{46844E05-B0E1-4F10-BB3A-A607A68F75F4}"
EndProject
Project("{9A19103F-16F7-4668-BE54-9A1E7A4F7556}") = "SO.ViewModel", "SO.ViewModel\SO.ViewModel.csproj", "{373F2AC4-D590-46CD-AEAE-77AF238710C5}"
EndProject
Global
	GlobalSection(SolutionConfigurationPlatforms) = preSolution
		Debug|Any CPU = Debug|Any CPU
		Release|Any CPU = Release|Any CPU
	EndGlobalSection
	GlobalSection(ProjectConfigurationPlatforms) = postSolution
		{95892A8D-69A3-420C-AA28-5B9971623736}.Debug|Any CPU.ActiveCfg = Debug|Any CPU
		{95892A8D-69A3-420C-AA28-5B9971623736}.Debug|Any CPU.Build.0 = Debug|Any CPU
		{95892A8D-69A3-420C-AA28-5B9971623736}.Release|Any CPU.ActiveCfg = Release|Any CPU
		{95892A8D-69A3-420C-AA28-5B9971623736}.Release|Any CPU.Build.0 = Release|Any CPU
		{59E2730B-5218-4F25-9C66-CE5BDDD89032}.Debug|Any CPU.ActiveCfg = Debug|Any CPU
		{59E2730B-5218-4F25-9C66-CE5BDDD89032}.Debug|Any CPU.Build.0 = Debug|Any CPU
		{59E2730B-5218-4F25-9C66-CE5BDDD89032}.Release|Any CPU.ActiveCfg = Release|Any CPU
		{59E2730B-5218-4F25-9C66-CE5BDDD89032}.Release|Any CPU.Build.0 = Release|Any CPU
		{2FC02CA1-9996-4964-935B-19526FE4DEB8}.Debug|Any CPU.ActiveCfg = Debug|Any CPU
		{2FC02CA1-9996-4964-935B-19526FE4DEB8}.Debug|Any CPU.Build.0 = Debug|Any CPU
		{2FC02CA1-9996-4964-935B-19526FE4DEB8}.Release|Any CPU.ActiveCfg = Release|Any CPU
		{2FC02CA1-9996-4964-935B-19526FE4DEB8}.Release|Any CPU.Build.0 = Release|Any CPU
		{6CA9C2C6-A2E0-45B9-B22E-A17E024946FA}.Debug|Any CPU.ActiveCfg = Debug|Any CPU
		{6CA9C2C6-A2E0-45B9-B22E-A17E024946FA}.Debug|Any CPU.Build.0 = Debug|Any CPU
		{6CA9C2C6-A2E0-45B9-B22E-A17E024946FA}.Release|Any CPU.ActiveCfg = Release|Any CPU
		{6CA9C2C6-A2E0-45B9-B22E-A17E024946FA}.Release|Any CPU.Build.0 = Release|Any CPU
		{F0F579E1-89D8-4EEE-9988-9C9F60F1FE60}.Debug|Any CPU.ActiveCfg = Debug|Any CPU
		{F0F579E1-89D8-4EEE-9988-9C9F60F1FE60}.Debug|Any CPU.Build.0 = Debug|Any CPU
		{F0F579E1-89D8-4EEE-9988-9C9F60F1FE60}.Release|Any CPU.ActiveCfg = Release|Any CPU
		{F0F579E1-89D8-4EEE-9988-9C9F60F1FE60}.Release|Any CPU.Build.0 = Release|Any CPU
		{9DC68C7F-3630-459B-8908-3878FB1A09DD}.Debug|Any CPU.ActiveCfg = Debug|Any CPU
		{9DC68C7F-3630-459B-8908-3878FB1A09DD}.Debug|Any CPU.Build.0 = Debug|Any CPU
		{9DC68C7F-3630-459B-8908-3878FB1A09DD}.Release|Any CPU.ActiveCfg = Release|Any CPU
		{9DC68C7F-3630-459B-8908-3878FB1A09DD}.Release|Any CPU.Build.0 = Release|Any CPU
		{102621F2-E47E-469E-B6C6-B4BA70361778}.Debug|Any CPU.ActiveCfg = Debug|Any CPU
		{102621F2-E47E-469E-B6C6-B4BA70361778}.Debug|Any CPU.Build.0 = Debug|Any CPU
		{102621F2-E47E-469E-B6C6-B4BA70361778}.Release|Any CPU.ActiveCfg = Release|Any CPU
		{102621F2-E47E-469E-B6C6-B4BA70361778}.Release|Any CPU.Build.0 = Release|Any CPU
		{373F2AC4-D590-46CD-AEAE-77AF238710C5}.Debug|Any CPU.ActiveCfg = Debug|Any CPU
		{373F2AC4-D590-46CD-AEAE-77AF238710C5}.Debug|Any CPU.Build.0 = Debug|Any CPU
		{373F2AC4-D590-46CD-AEAE-77AF238710C5}.Release|Any CPU.ActiveCfg = Release|Any CPU
		{373F2AC4-D590-46CD-AEAE-77AF238710C5}.Release|Any CPU.Build.0 = Release|Any CPU
	EndGlobalSection
	GlobalSection(SolutionProperties) = preSolution
		HideSolutionNode = FALSE
	EndGlobalSection
	GlobalSection(NestedProjects) = preSolution
		{95892A8D-69A3-420C-AA28-5B9971623736} = {F8366DCD-CBE8-4057-A158-9C02B167E4EE}
		{59E2730B-5218-4F25-9C66-CE5BDDD89032} = {DA7A17FC-701E-498D-9E2B-AEA09B9D6D57}
		{2FC02CA1-9996-4964-935B-19526FE4DEB8} = {DA7A17FC-701E-498D-9E2B-AEA09B9D6D57}
		{6CA9C2C6-A2E0-45B9-B22E-A17E024946FA} = {DA7A17FC-701E-498D-9E2B-AEA09B9D6D57}
		{F0F579E1-89D8-4EEE-9988-9C9F60F1FE60} = {DA7A17FC-701E-498D-9E2B-AEA09B9D6D57}
		{9DC68C7F-3630-459B-8908-3878FB1A09DD} = {DA7A17FC-701E-498D-9E2B-AEA09B9D6D57}
		{102621F2-E47E-469E-B6C6-B4BA70361778} = {8AD77DEC-92C2-451B-B079-E86AB5E7DAF9}
		{373F2AC4-D590-46CD-AEAE-77AF238710C5} = {46844E05-B0E1-4F10-BB3A-A607A68F75F4}
	EndGlobalSection
	GlobalSection(ExtensibilityGlobals) = postSolution
		SolutionGuid = {1D378288-10B7-4F1F-BDA6-EBAFF7F651BC}
	EndGlobalSection
EndGlobal
